
Microsoft Visual Studio Solution File, Format Version 12.00
# Visual Studio Version 17
VisualStudioVersion = 17.10.35027.167
MinimumVisualStudioVersion = 10.0.40219.1
Project("{FAE04EC0-301F-11D3-BF4B-00C04F79EFBC}") = "AEMAssessment", "AEMAccessment\AEMAssessment.csproj", "{39F46D5B-0AE8-45A8-91E1-4B33F68B9456}"
EndProject
Global
	GlobalSection(SolutionConfigurationPlatforms) = preSolution
		Debug|Any CPU = Debug|Any CPU
		Release|Any CPU = Release|Any CPU
	EndGlobalSection
	GlobalSection(ProjectConfigurationPlatforms) = postSolution
		{39F46D5B-0AE8-45A8-91E1-4B33F68B9456}.Debug|Any CPU.ActiveCfg = Debug|Any CPU
		{39F46D5B-0AE8-45A8-91E1-4B33F68B9456}.Debug|Any CPU.Build.0 = Debug|Any CPU
		{39F46D5B-0AE8-45A8-91E1-4B33F68B9456}.Release|Any CPU.ActiveCfg = Release|Any CPU
		{39F46D5B-0AE8-45A8-91E1-4B33F68B9456}.Release|Any CPU.Build.0 = Release|Any CPU
	EndGlobalSection
	GlobalSection(SolutionProperties) = preSolution
		HideSolutionNode = FALSE
	EndGlobalSection
	GlobalSection(ExtensibilityGlobals) = postSolution
		SolutionGuid = {9B1780FB-4589-45ED-9C7F-F5AB00F801F0}
	EndGlobalSection
EndGlobal
